// !$*UTF8*$!
{
	archiveVersion = 1;
	classes = {
	};
	objectVersion = 55;
	objects = {

/* Begin PBXBuildFile section */
		453FA7332774B56900978998 /* AppDelegate.swift in Sources */ = {isa = PBXBuildFile; fileRef = 453FA7322774B56900978998 /* AppDelegate.swift */; };
		453FA7352774B56900978998 /* SceneDelegate.swift in Sources */ = {isa = PBXBuildFile; fileRef = 453FA7342774B56900978998 /* SceneDelegate.swift */; };
		453FA73C2774B56D00978998 /* Assets.xcassets in Resources */ = {isa = PBXBuildFile; fileRef = 453FA73B2774B56D00978998 /* Assets.xcassets */; };
		453FA73F2774B56D00978998 /* LaunchScreen.storyboard in Resources */ = {isa = PBXBuildFile; fileRef = 453FA73D2774B56D00978998 /* LaunchScreen.storyboard */; };
		45B82D95277B5BBA00A36ECF /* InitialViewController.swift in Sources */ = {isa = PBXBuildFile; fileRef = 45B82D94277B5BBA00A36ECF /* InitialViewController.swift */; };
		45B82DB0277DBFD400A36ECF /* LoginViewController.swift in Sources */ = {isa = PBXBuildFile; fileRef = 45B82DAF277DBFD400A36ECF /* LoginViewController.swift */; };
		45B82DB4277DD27D00A36ECF /* GoogleService-Info.plist in Resources */ = {isa = PBXBuildFile; fileRef = 45B82DB3277DD27D00A36ECF /* GoogleService-Info.plist */; };
		45B82DEC277DDD5100A36ECF /* FirebaseAuthManager.swift in Sources */ = {isa = PBXBuildFile; fileRef = 45B82DEB277DDD5100A36ECF /* FirebaseAuthManager.swift */; };
		45B82DEF277DE03500A36ECF /* EmployeeMainViewController.swift in Sources */ = {isa = PBXBuildFile; fileRef = 45B82DEE277DE03500A36ECF /* EmployeeMainViewController.swift */; };
		45B82DF6277DFE7F00A36ECF /* TableListViewController.swift in Sources */ = {isa = PBXBuildFile; fileRef = 45B82DF5277DFE7F00A36ECF /* TableListViewController.swift */; };
		45B82DF8277E009700A36ECF /* TableListCell.swift in Sources */ = {isa = PBXBuildFile; fileRef = 45B82DF7277E009700A36ECF /* TableListCell.swift */; };
		45B82E002781DF0800A36ECF /* QRCode.swift in Sources */ = {isa = PBXBuildFile; fileRef = 45B82DFF2781DF0800A36ECF /* QRCode.swift */; };
		45B82E1227871AA000A36ECF /* QRCodeGenerator.swift in Sources */ = {isa = PBXBuildFile; fileRef = 45B82E1127871AA000A36ECF /* QRCodeGenerator.swift */; };
		45B82E15278C308200A36ECF /* FirebaseAuth in Frameworks */ = {isa = PBXBuildFile; productRef = 45B82E14278C308200A36ECF /* FirebaseAuth */; };
		45B82E17278C308200A36ECF /* FirebaseAuthCombine-Community in Frameworks */ = {isa = PBXBuildFile; productRef = 45B82E16278C308200A36ECF /* FirebaseAuthCombine-Community */; };
		45B82E19278C308200A36ECF /* FirebaseFirestore in Frameworks */ = {isa = PBXBuildFile; productRef = 45B82E18278C308200A36ECF /* FirebaseFirestore */; };
		45B82E1B278C308200A36ECF /* FirebaseFirestoreCombine-Community in Frameworks */ = {isa = PBXBuildFile; productRef = 45B82E1A278C308200A36ECF /* FirebaseFirestoreCombine-Community */; };
		45B82E1D278C308200A36ECF /* FirebaseFirestoreSwift-Beta in Frameworks */ = {isa = PBXBuildFile; productRef = 45B82E1C278C308200A36ECF /* FirebaseFirestoreSwift-Beta */; };
		45B82E1F278C308200A36ECF /* FirebaseStorage in Frameworks */ = {isa = PBXBuildFile; productRef = 45B82E1E278C308200A36ECF /* FirebaseStorage */; };
		45B82E21278C308200A36ECF /* FirebaseStorageCombine-Community in Frameworks */ = {isa = PBXBuildFile; productRef = 45B82E20278C308200A36ECF /* FirebaseStorageCombine-Community */; };
		45B82E23278C308200A36ECF /* FirebaseStorageSwift-Beta in Frameworks */ = {isa = PBXBuildFile; productRef = 45B82E22278C308200A36ECF /* FirebaseStorageSwift-Beta */; };
		45B82E28278C68BF00A36ECF /* UIImageView+Load.swift in Sources */ = {isa = PBXBuildFile; fileRef = 45B82E27278C68BF00A36ECF /* UIImageView+Load.swift */; };
		45B82E2A27901C3F00A36ECF /* FirebaseStorageManager.swift in Sources */ = {isa = PBXBuildFile; fileRef = 45B82E2927901C3F00A36ECF /* FirebaseStorageManager.swift */; };
		45B82E2C27901F2B00A36ECF /* FirebaseFirestoreQueryManager.swift in Sources */ = {isa = PBXBuildFile; fileRef = 45B82E2B27901F2B00A36ECF /* FirebaseFirestoreQueryManager.swift */; };
		45B82E302790274B00A36ECF /* EmployeeMenuViewController.swift in Sources */ = {isa = PBXBuildFile; fileRef = 45B82E2F2790274B00A36ECF /* EmployeeMenuViewController.swift */; };
		45B82E32279027A900A36ECF /* EmloyeeMenuTableViewCell.swift in Sources */ = {isa = PBXBuildFile; fileRef = 45B82E31279027A900A36ECF /* EmloyeeMenuTableViewCell.swift */; };
		45B8CDC22791B4EA00323214 /* MenuItem.swift in Sources */ = {isa = PBXBuildFile; fileRef = 45B8CDC12791B4EA00323214 /* MenuItem.swift */; };
/* End PBXBuildFile section */

/* Begin PBXFileReference section */
		453FA72F2774B56900978998 /* Catering App.app */ = {isa = PBXFileReference; explicitFileType = wrapper.application; includeInIndex = 0; path = "Catering App.app"; sourceTree = BUILT_PRODUCTS_DIR; };
		453FA7322774B56900978998 /* AppDelegate.swift */ = {isa = PBXFileReference; lastKnownFileType = sourcecode.swift; path = AppDelegate.swift; sourceTree = "<group>"; };
		453FA7342774B56900978998 /* SceneDelegate.swift */ = {isa = PBXFileReference; lastKnownFileType = sourcecode.swift; path = SceneDelegate.swift; sourceTree = "<group>"; };
		453FA73B2774B56D00978998 /* Assets.xcassets */ = {isa = PBXFileReference; lastKnownFileType = folder.assetcatalog; path = Assets.xcassets; sourceTree = "<group>"; };
		453FA73E2774B56D00978998 /* Base */ = {isa = PBXFileReference; lastKnownFileType = file.storyboard; name = Base; path = Base.lproj/LaunchScreen.storyboard; sourceTree = "<group>"; };
		453FA7402774B56D00978998 /* Info.plist */ = {isa = PBXFileReference; lastKnownFileType = text.plist.xml; path = Info.plist; sourceTree = "<group>"; };
		45B82D94277B5BBA00A36ECF /* InitialViewController.swift */ = {isa = PBXFileReference; lastKnownFileType = sourcecode.swift; path = InitialViewController.swift; sourceTree = "<group>"; };
		45B82DAF277DBFD400A36ECF /* LoginViewController.swift */ = {isa = PBXFileReference; lastKnownFileType = sourcecode.swift; path = LoginViewController.swift; sourceTree = "<group>"; };
		45B82DB3277DD27D00A36ECF /* GoogleService-Info.plist */ = {isa = PBXFileReference; fileEncoding = 4; lastKnownFileType = text.plist.xml; path = "GoogleService-Info.plist"; sourceTree = "<group>"; };
		45B82DEB277DDD5100A36ECF /* FirebaseAuthManager.swift */ = {isa = PBXFileReference; lastKnownFileType = sourcecode.swift; path = FirebaseAuthManager.swift; sourceTree = "<group>"; };
		45B82DEE277DE03500A36ECF /* EmployeeMainViewController.swift */ = {isa = PBXFileReference; lastKnownFileType = sourcecode.swift; path = EmployeeMainViewController.swift; sourceTree = "<group>"; };
		45B82DF5277DFE7F00A36ECF /* TableListViewController.swift */ = {isa = PBXFileReference; lastKnownFileType = sourcecode.swift; path = TableListViewController.swift; sourceTree = "<group>"; };
		45B82DF7277E009700A36ECF /* TableListCell.swift */ = {isa = PBXFileReference; lastKnownFileType = sourcecode.swift; path = TableListCell.swift; sourceTree = "<group>"; };
		45B82DFF2781DF0800A36ECF /* QRCode.swift */ = {isa = PBXFileReference; lastKnownFileType = sourcecode.swift; path = QRCode.swift; sourceTree = "<group>"; };
		45B82E1127871AA000A36ECF /* QRCodeGenerator.swift */ = {isa = PBXFileReference; lastKnownFileType = sourcecode.swift; path = QRCodeGenerator.swift; sourceTree = "<group>"; };
		45B82E27278C68BF00A36ECF /* UIImageView+Load.swift */ = {isa = PBXFileReference; lastKnownFileType = sourcecode.swift; path = "UIImageView+Load.swift"; sourceTree = "<group>"; };
		45B82E2927901C3F00A36ECF /* FirebaseStorageManager.swift */ = {isa = PBXFileReference; lastKnownFileType = sourcecode.swift; path = FirebaseStorageManager.swift; sourceTree = "<group>"; };
		45B82E2B27901F2B00A36ECF /* FirebaseFirestoreQueryManager.swift */ = {isa = PBXFileReference; lastKnownFileType = sourcecode.swift; path = FirebaseFirestoreQueryManager.swift; sourceTree = "<group>"; };
		45B82E2F2790274B00A36ECF /* EmployeeMenuViewController.swift */ = {isa = PBXFileReference; lastKnownFileType = sourcecode.swift; path = EmployeeMenuViewController.swift; sourceTree = "<group>"; };
		45B82E31279027A900A36ECF /* EmloyeeMenuTableViewCell.swift */ = {isa = PBXFileReference; lastKnownFileType = sourcecode.swift; path = EmloyeeMenuTableViewCell.swift; sourceTree = "<group>"; };
		45B8CDC12791B4EA00323214 /* MenuItem.swift */ = {isa = PBXFileReference; lastKnownFileType = sourcecode.swift; path = MenuItem.swift; sourceTree = "<group>"; };
/* End PBXFileReference section */

/* Begin PBXFrameworksBuildPhase section */
		453FA72C2774B56900978998 /* Frameworks */ = {
			isa = PBXFrameworksBuildPhase;
			buildActionMask = 2147483647;
			files = (
				45B82E15278C308200A36ECF /* FirebaseAuth in Frameworks */,
				45B82E21278C308200A36ECF /* FirebaseStorageCombine-Community in Frameworks */,
				45B82E1B278C308200A36ECF /* FirebaseFirestoreCombine-Community in Frameworks */,
				45B82E1D278C308200A36ECF /* FirebaseFirestoreSwift-Beta in Frameworks */,
				45B82E17278C308200A36ECF /* FirebaseAuthCombine-Community in Frameworks */,
				45B82E23278C308200A36ECF /* FirebaseStorageSwift-Beta in Frameworks */,
				45B82E19278C308200A36ECF /* FirebaseFirestore in Frameworks */,
				45B82E1F278C308200A36ECF /* FirebaseStorage in Frameworks */,
			);
			runOnlyForDeploymentPostprocessing = 0;
		};
/* End PBXFrameworksBuildPhase section */

/* Begin PBXGroup section */
		453FA7262774B56900978998 = {
			isa = PBXGroup;
			children = (
				453FA7312774B56900978998 /* Catering App */,
				453FA7302774B56900978998 /* Products */,
			);
			sourceTree = "<group>";
		};
		453FA7302774B56900978998 /* Products */ = {
			isa = PBXGroup;
			children = (
				453FA72F2774B56900978998 /* Catering App.app */,
			);
			name = Products;
			sourceTree = "<group>";
		};
		453FA7312774B56900978998 /* Catering App */ = {
			isa = PBXGroup;
			children = (
				45B82DFE2781DEF100A36ECF /* Models */,
				45B82DEA277DDD2E00A36ECF /* Services */,
				45B82D92277B5B9200A36ECF /* Scenes  */,
				45B82E24278C512F00A36ECF /* Extensions */,
				453FA7322774B56900978998 /* AppDelegate.swift */,
				453FA7342774B56900978998 /* SceneDelegate.swift */,
				453FA73B2774B56D00978998 /* Assets.xcassets */,
				453FA73D2774B56D00978998 /* LaunchScreen.storyboard */,
				453FA7402774B56D00978998 /* Info.plist */,
				45B82DB3277DD27D00A36ECF /* GoogleService-Info.plist */,
			);
			path = "Catering App";
			sourceTree = "<group>";
		};
		45B82D92277B5B9200A36ECF /* Scenes  */ = {
			isa = PBXGroup;
			children = (
				45B82DED277DE01400A36ECF /* EmployeeMain */,
				45B82DAE277DBFAE00A36ECF /* Login */,
				45B82D93277B5BA000A36ECF /* Initial */,
			);
			path = "Scenes ";
			sourceTree = "<group>";
		};
		45B82D93277B5BA000A36ECF /* Initial */ = {
			isa = PBXGroup;
			children = (
				45B82D94277B5BBA00A36ECF /* InitialViewController.swift */,
			);
			path = Initial;
			sourceTree = "<group>";
		};
		45B82DAE277DBFAE00A36ECF /* Login */ = {
			isa = PBXGroup;
			children = (
				45B82DAF277DBFD400A36ECF /* LoginViewController.swift */,
			);
			path = Login;
			sourceTree = "<group>";
		};
		45B82DEA277DDD2E00A36ECF /* Services */ = {
			isa = PBXGroup;
			children = (
				45B82DEB277DDD5100A36ECF /* FirebaseAuthManager.swift */,
				45B82E2B27901F2B00A36ECF /* FirebaseFirestoreQueryManager.swift */,
				45B82E2927901C3F00A36ECF /* FirebaseStorageManager.swift */,
				45B82E1127871AA000A36ECF /* QRCodeGenerator.swift */,
			);
			path = Services;
			sourceTree = "<group>";
		};
		45B82DED277DE01400A36ECF /* EmployeeMain */ = {
			isa = PBXGroup;
			children = (
				45B82DEE277DE03500A36ECF /* EmployeeMainViewController.swift */,
				45B82DF2277DFD6100A36ECF /* CurrentTables */,
				45B82DF3277DFD6F00A36ECF /* Menu */,
				45B82DF4277DFD9000A36ECF /* TableList */,
			);
			path = EmployeeMain;
			sourceTree = "<group>";
		};
		45B82DF2277DFD6100A36ECF /* CurrentTables */ = {
			isa = PBXGroup;
			children = (
			);
			path = CurrentTables;
			sourceTree = "<group>";
		};
		45B82DF3277DFD6F00A36ECF /* Menu */ = {
			isa = PBXGroup;
			children = (
				45B82E2F2790274B00A36ECF /* EmployeeMenuViewController.swift */,
				45B82E31279027A900A36ECF /* EmloyeeMenuTableViewCell.swift */,
			);
			path = Menu;
			sourceTree = "<group>";
		};
		45B82DF4277DFD9000A36ECF /* TableList */ = {
			isa = PBXGroup;
			children = (
				45B82DF5277DFE7F00A36ECF /* TableListViewController.swift */,
				45B82DF7277E009700A36ECF /* TableListCell.swift */,
			);
			path = TableList;
			sourceTree = "<group>";
		};
		45B82DFE2781DEF100A36ECF /* Models */ = {
			isa = PBXGroup;
			children = (
				45B82DFF2781DF0800A36ECF /* QRCode.swift */,
				45B8CDC12791B4EA00323214 /* MenuItem.swift */,
			);
			path = Models;
			sourceTree = "<group>";
		};
		45B82E24278C512F00A36ECF /* Extensions */ = {
			isa = PBXGroup;
			children = (
				45B82E27278C68BF00A36ECF /* UIImageView+Load.swift */,
			);
			path = Extensions;
			sourceTree = "<group>";
		};
/* End PBXGroup section */

/* Begin PBXNativeTarget section */
		453FA72E2774B56900978998 /* Catering App */ = {
			isa = PBXNativeTarget;
			buildConfigurationList = 453FA7432774B56D00978998 /* Build configuration list for PBXNativeTarget "Catering App" */;
			buildPhases = (
				453FA72B2774B56900978998 /* Sources */,
				453FA72C2774B56900978998 /* Frameworks */,
				453FA72D2774B56900978998 /* Resources */,
			);
			buildRules = (
			);
			dependencies = (
			);
			name = "Catering App";
			packageProductDependencies = (
				45B82E14278C308200A36ECF /* FirebaseAuth */,
				45B82E16278C308200A36ECF /* FirebaseAuthCombine-Community */,
				45B82E18278C308200A36ECF /* FirebaseFirestore */,
				45B82E1A278C308200A36ECF /* FirebaseFirestoreCombine-Community */,
				45B82E1C278C308200A36ECF /* FirebaseFirestoreSwift-Beta */,
				45B82E1E278C308200A36ECF /* FirebaseStorage */,
				45B82E20278C308200A36ECF /* FirebaseStorageCombine-Community */,
				45B82E22278C308200A36ECF /* FirebaseStorageSwift-Beta */,
			);
			productName = "Catering App";
			productReference = 453FA72F2774B56900978998 /* Catering App.app */;
			productType = "com.apple.product-type.application";
		};
/* End PBXNativeTarget section */

/* Begin PBXProject section */
		453FA7272774B56900978998 /* Project object */ = {
			isa = PBXProject;
			attributes = {
				BuildIndependentTargetsInParallel = 1;
				LastSwiftUpdateCheck = 1320;
				LastUpgradeCheck = 1320;
				TargetAttributes = {
					453FA72E2774B56900978998 = {
						CreatedOnToolsVersion = 13.2.1;
					};
				};
			};
			buildConfigurationList = 453FA72A2774B56900978998 /* Build configuration list for PBXProject "Catering App" */;
			compatibilityVersion = "Xcode 13.0";
			developmentRegion = en;
			hasScannedForEncodings = 0;
			knownRegions = (
				en,
				Base,
			);
			mainGroup = 453FA7262774B56900978998;
			packageReferences = (
				45B82E13278C308200A36ECF /* XCRemoteSwiftPackageReference "firebase-ios-sdk" */,
			);
			productRefGroup = 453FA7302774B56900978998 /* Products */;
			projectDirPath = "";
			projectRoot = "";
			targets = (
				453FA72E2774B56900978998 /* Catering App */,
			);
		};
/* End PBXProject section */

/* Begin PBXResourcesBuildPhase section */
		453FA72D2774B56900978998 /* Resources */ = {
			isa = PBXResourcesBuildPhase;
			buildActionMask = 2147483647;
			files = (
				453FA73F2774B56D00978998 /* LaunchScreen.storyboard in Resources */,
				453FA73C2774B56D00978998 /* Assets.xcassets in Resources */,
				45B82DB4277DD27D00A36ECF /* GoogleService-Info.plist in Resources */,
			);
			runOnlyForDeploymentPostprocessing = 0;
		};
/* End PBXResourcesBuildPhase section */

/* Begin PBXSourcesBuildPhase section */
		453FA72B2774B56900978998 /* Sources */ = {
			isa = PBXSourcesBuildPhase;
			buildActionMask = 2147483647;
			files = (
				45B82E1227871AA000A36ECF /* QRCodeGenerator.swift in Sources */,
				45B82E28278C68BF00A36ECF /* UIImageView+Load.swift in Sources */,
				45B82E2C27901F2B00A36ECF /* FirebaseFirestoreQueryManager.swift in Sources */,
				45B82DB0277DBFD400A36ECF /* LoginViewController.swift in Sources */,
				45B82DEC277DDD5100A36ECF /* FirebaseAuthManager.swift in Sources */,
				45B82E2A27901C3F00A36ECF /* FirebaseStorageManager.swift in Sources */,
				45B82DF8277E009700A36ECF /* TableListCell.swift in Sources */,
				45B82D95277B5BBA00A36ECF /* InitialViewController.swift in Sources */,
				45B82DEF277DE03500A36ECF /* EmployeeMainViewController.swift in Sources */,
				45B82E302790274B00A36ECF /* EmployeeMenuViewController.swift in Sources */,
				45B82E32279027A900A36ECF /* EmloyeeMenuTableViewCell.swift in Sources */,
				453FA7332774B56900978998 /* AppDelegate.swift in Sources */,
				453FA7352774B56900978998 /* SceneDelegate.swift in Sources */,
				45B8CDC22791B4EA00323214 /* MenuItem.swift in Sources */,
				45B82DF6277DFE7F00A36ECF /* TableListViewController.swift in Sources */,
				45B82E002781DF0800A36ECF /* QRCode.swift in Sources */,
			);
			runOnlyForDeploymentPostprocessing = 0;
		};
/* End PBXSourcesBuildPhase section */

/* Begin PBXVariantGroup section */
		453FA73D2774B56D00978998 /* LaunchScreen.storyboard */ = {
			isa = PBXVariantGroup;
			children = (
				453FA73E2774B56D00978998 /* Base */,
			);
			name = LaunchScreen.storyboard;
			sourceTree = "<group>";
		};
/* End PBXVariantGroup section */

/* Begin XCBuildConfiguration section */
		453FA7412774B56D00978998 /* Debug */ = {
			isa = XCBuildConfiguration;
			buildSettings = {
				ALWAYS_SEARCH_USER_PATHS = NO;
				CLANG_ANALYZER_NONNULL = YES;
				CLANG_ANALYZER_NUMBER_OBJECT_CONVERSION = YES_AGGRESSIVE;
				CLANG_CXX_LANGUAGE_STANDARD = "gnu++17";
				CLANG_CXX_LIBRARY = "libc++";
				CLANG_ENABLE_MODULES = YES;
				CLANG_ENABLE_OBJC_ARC = YES;
				CLANG_ENABLE_OBJC_WEAK = YES;
				CLANG_WARN_BLOCK_CAPTURE_AUTORELEASING = YES;
				CLANG_WARN_BOOL_CONVERSION = YES;
				CLANG_WARN_COMMA = YES;
				CLANG_WARN_CONSTANT_CONVERSION = YES;
				CLANG_WARN_DEPRECATED_OBJC_IMPLEMENTATIONS = YES;
				CLANG_WARN_DIRECT_OBJC_ISA_USAGE = YES_ERROR;
				CLANG_WARN_DOCUMENTATION_COMMENTS = YES;
				CLANG_WARN_EMPTY_BODY = YES;
				CLANG_WARN_ENUM_CONVERSION = YES;
				CLANG_WARN_INFINITE_RECURSION = YES;
				CLANG_WARN_INT_CONVERSION = YES;
				CLANG_WARN_NON_LITERAL_NULL_CONVERSION = YES;
				CLANG_WARN_OBJC_IMPLICIT_RETAIN_SELF = YES;
				CLANG_WARN_OBJC_LITERAL_CONVERSION = YES;
				CLANG_WARN_OBJC_ROOT_CLASS = YES_ERROR;
				CLANG_WARN_QUOTED_INCLUDE_IN_FRAMEWORK_HEADER = YES;
				CLANG_WARN_RANGE_LOOP_ANALYSIS = YES;
				CLANG_WARN_STRICT_PROTOTYPES = YES;
				CLANG_WARN_SUSPICIOUS_MOVE = YES;
				CLANG_WARN_UNGUARDED_AVAILABILITY = YES_AGGRESSIVE;
				CLANG_WARN_UNREACHABLE_CODE = YES;
				CLANG_WARN__DUPLICATE_METHOD_MATCH = YES;
				COPY_PHASE_STRIP = NO;
				DEBUG_INFORMATION_FORMAT = dwarf;
				ENABLE_STRICT_OBJC_MSGSEND = YES;
				ENABLE_TESTABILITY = YES;
				GCC_C_LANGUAGE_STANDARD = gnu11;
				GCC_DYNAMIC_NO_PIC = NO;
				GCC_NO_COMMON_BLOCKS = YES;
				GCC_OPTIMIZATION_LEVEL = 0;
				GCC_PREPROCESSOR_DEFINITIONS = (
					"DEBUG=1",
					"$(inherited)",
				);
				GCC_WARN_64_TO_32_BIT_CONVERSION = YES;
				GCC_WARN_ABOUT_RETURN_TYPE = YES_ERROR;
				GCC_WARN_UNDECLARED_SELECTOR = YES;
				GCC_WARN_UNINITIALIZED_AUTOS = YES_AGGRESSIVE;
				GCC_WARN_UNUSED_FUNCTION = YES;
				GCC_WARN_UNUSED_VARIABLE = YES;
				IPHONEOS_DEPLOYMENT_TARGET = 15.2;
				MTL_ENABLE_DEBUG_INFO = INCLUDE_SOURCE;
				MTL_FAST_MATH = YES;
				ONLY_ACTIVE_ARCH = YES;
				SDKROOT = iphoneos;
				SWIFT_ACTIVE_COMPILATION_CONDITIONS = DEBUG;
				SWIFT_OPTIMIZATION_LEVEL = "-Onone";
			};
			name = Debug;
		};
		453FA7422774B56D00978998 /* Release */ = {
			isa = XCBuildConfiguration;
			buildSettings = {
				ALWAYS_SEARCH_USER_PATHS = NO;
				CLANG_ANALYZER_NONNULL = YES;
				CLANG_ANALYZER_NUMBER_OBJECT_CONVERSION = YES_AGGRESSIVE;
				CLANG_CXX_LANGUAGE_STANDARD = "gnu++17";
				CLANG_CXX_LIBRARY = "libc++";
				CLANG_ENABLE_MODULES = YES;
				CLANG_ENABLE_OBJC_ARC = YES;
				CLANG_ENABLE_OBJC_WEAK = YES;
				CLANG_WARN_BLOCK_CAPTURE_AUTORELEASING = YES;
				CLANG_WARN_BOOL_CONVERSION = YES;
				CLANG_WARN_COMMA = YES;
				CLANG_WARN_CONSTANT_CONVERSION = YES;
				CLANG_WARN_DEPRECATED_OBJC_IMPLEMENTATIONS = YES;
				CLANG_WARN_DIRECT_OBJC_ISA_USAGE = YES_ERROR;
				CLANG_WARN_DOCUMENTATION_COMMENTS = YES;
				CLANG_WARN_EMPTY_BODY = YES;
				CLANG_WARN_ENUM_CONVERSION = YES;
				CLANG_WARN_INFINITE_RECURSION = YES;
				CLANG_WARN_INT_CONVERSION = YES;
				CLANG_WARN_NON_LITERAL_NULL_CONVERSION = YES;
				CLANG_WARN_OBJC_IMPLICIT_RETAIN_SELF = YES;
				CLANG_WARN_OBJC_LITERAL_CONVERSION = YES;
				CLANG_WARN_OBJC_ROOT_CLASS = YES_ERROR;
				CLANG_WARN_QUOTED_INCLUDE_IN_FRAMEWORK_HEADER = YES;
				CLANG_WARN_RANGE_LOOP_ANALYSIS = YES;
				CLANG_WARN_STRICT_PROTOTYPES = YES;
				CLANG_WARN_SUSPICIOUS_MOVE = YES;
				CLANG_WARN_UNGUARDED_AVAILABILITY = YES_AGGRESSIVE;
				CLANG_WARN_UNREACHABLE_CODE = YES;
				CLANG_WARN__DUPLICATE_METHOD_MATCH = YES;
				COPY_PHASE_STRIP = NO;
				DEBUG_INFORMATION_FORMAT = "dwarf-with-dsym";
				ENABLE_NS_ASSERTIONS = NO;
				ENABLE_STRICT_OBJC_MSGSEND = YES;
				GCC_C_LANGUAGE_STANDARD = gnu11;
				GCC_NO_COMMON_BLOCKS = YES;
				GCC_WARN_64_TO_32_BIT_CONVERSION = YES;
				GCC_WARN_ABOUT_RETURN_TYPE = YES_ERROR;
				GCC_WARN_UNDECLARED_SELECTOR = YES;
				GCC_WARN_UNINITIALIZED_AUTOS = YES_AGGRESSIVE;
				GCC_WARN_UNUSED_FUNCTION = YES;
				GCC_WARN_UNUSED_VARIABLE = YES;
				IPHONEOS_DEPLOYMENT_TARGET = 15.2;
				MTL_ENABLE_DEBUG_INFO = NO;
				MTL_FAST_MATH = YES;
				SDKROOT = iphoneos;
				SWIFT_COMPILATION_MODE = wholemodule;
				SWIFT_OPTIMIZATION_LEVEL = "-O";
				VALIDATE_PRODUCT = YES;
			};
			name = Release;
		};
		453FA7442774B56D00978998 /* Debug */ = {
			isa = XCBuildConfiguration;
			buildSettings = {
				ASSETCATALOG_COMPILER_APPICON_NAME = AppIcon;
				ASSETCATALOG_COMPILER_GLOBAL_ACCENT_COLOR_NAME = AccentColor;
				CODE_SIGN_STYLE = Automatic;
				CURRENT_PROJECT_VERSION = 1;
				DEVELOPMENT_TEAM = YXPX7633H4;
				GENERATE_INFOPLIST_FILE = YES;
				INFOPLIST_FILE = "Catering App/Info.plist";
				INFOPLIST_KEY_UIApplicationSupportsIndirectInputEvents = YES;
				INFOPLIST_KEY_UILaunchStoryboardName = LaunchScreen;
				INFOPLIST_KEY_UISupportedInterfaceOrientations_iPad = "UIInterfaceOrientationPortrait UIInterfaceOrientationPortraitUpsideDown UIInterfaceOrientationLandscapeLeft UIInterfaceOrientationLandscapeRight";
				INFOPLIST_KEY_UISupportedInterfaceOrientations_iPhone = "UIInterfaceOrientationPortrait UIInterfaceOrientationLandscapeLeft UIInterfaceOrientationLandscapeRight";
				LD_RUNPATH_SEARCH_PATHS = (
					"$(inherited)",
					"@executable_path/Frameworks",
				);
				MARKETING_VERSION = 1.0;
				PRODUCT_BUNDLE_IDENTIFIER = "com.sigma.Catering-App";
				PRODUCT_NAME = "$(TARGET_NAME)";
				SWIFT_EMIT_LOC_STRINGS = YES;
				SWIFT_VERSION = 5.0;
				TARGETED_DEVICE_FAMILY = "1,2";
			};
			name = Debug;
		};
		453FA7452774B56D00978998 /* Release */ = {
			isa = XCBuildConfiguration;
			buildSettings = {
				ASSETCATALOG_COMPILER_APPICON_NAME = AppIcon;
				ASSETCATALOG_COMPILER_GLOBAL_ACCENT_COLOR_NAME = AccentColor;
				CODE_SIGN_STYLE = Automatic;
				CURRENT_PROJECT_VERSION = 1;
				DEVELOPMENT_TEAM = YXPX7633H4;
				GENERATE_INFOPLIST_FILE = YES;
				INFOPLIST_FILE = "Catering App/Info.plist";
				INFOPLIST_KEY_UIApplicationSupportsIndirectInputEvents = YES;
				INFOPLIST_KEY_UILaunchStoryboardName = LaunchScreen;
				INFOPLIST_KEY_UISupportedInterfaceOrientations_iPad = "UIInterfaceOrientationPortrait UIInterfaceOrientationPortraitUpsideDown UIInterfaceOrientationLandscapeLeft UIInterfaceOrientationLandscapeRight";
				INFOPLIST_KEY_UISupportedInterfaceOrientations_iPhone = "UIInterfaceOrientationPortrait UIInterfaceOrientationLandscapeLeft UIInterfaceOrientationLandscapeRight";
				LD_RUNPATH_SEARCH_PATHS = (
					"$(inherited)",
					"@executable_path/Frameworks",
				);
				MARKETING_VERSION = 1.0;
				PRODUCT_BUNDLE_IDENTIFIER = "com.sigma.Catering-App";
				PRODUCT_NAME = "$(TARGET_NAME)";
				SWIFT_EMIT_LOC_STRINGS = YES;
				SWIFT_VERSION = 5.0;
				TARGETED_DEVICE_FAMILY = "1,2";
			};
			name = Release;
		};
/* End XCBuildConfiguration section */

/* Begin XCConfigurationList section */
		453FA72A2774B56900978998 /* Build configuration list for PBXProject "Catering App" */ = {
			isa = XCConfigurationList;
			buildConfigurations = (
				453FA7412774B56D00978998 /* Debug */,
				453FA7422774B56D00978998 /* Release */,
			);
			defaultConfigurationIsVisible = 0;
			defaultConfigurationName = Release;
		};
		453FA7432774B56D00978998 /* Build configuration list for PBXNativeTarget "Catering App" */ = {
			isa = XCConfigurationList;
			buildConfigurations = (
				453FA7442774B56D00978998 /* Debug */,
				453FA7452774B56D00978998 /* Release */,
			);
			defaultConfigurationIsVisible = 0;
			defaultConfigurationName = Release;
		};
/* End XCConfigurationList section */

/* Begin XCRemoteSwiftPackageReference section */
		45B82E13278C308200A36ECF /* XCRemoteSwiftPackageReference "firebase-ios-sdk" */ = {
			isa = XCRemoteSwiftPackageReference;
			repositoryURL = "https://github.com/firebase/firebase-ios-sdk";
			requirement = {
				branch = master;
				kind = branch;
			};
		};
/* End XCRemoteSwiftPackageReference section */

/* Begin XCSwiftPackageProductDependency section */
		45B82E14278C308200A36ECF /* FirebaseAuth */ = {
			isa = XCSwiftPackageProductDependency;
			package = 45B82E13278C308200A36ECF /* XCRemoteSwiftPackageReference "firebase-ios-sdk" */;
			productName = FirebaseAuth;
		};
		45B82E16278C308200A36ECF /* FirebaseAuthCombine-Community */ = {
			isa = XCSwiftPackageProductDependency;
			package = 45B82E13278C308200A36ECF /* XCRemoteSwiftPackageReference "firebase-ios-sdk" */;
			productName = "FirebaseAuthCombine-Community";
		};
		45B82E18278C308200A36ECF /* FirebaseFirestore */ = {
			isa = XCSwiftPackageProductDependency;
			package = 45B82E13278C308200A36ECF /* XCRemoteSwiftPackageReference "firebase-ios-sdk" */;
			productName = FirebaseFirestore;
		};
		45B82E1A278C308200A36ECF /* FirebaseFirestoreCombine-Community */ = {
			isa = XCSwiftPackageProductDependency;
			package = 45B82E13278C308200A36ECF /* XCRemoteSwiftPackageReference "firebase-ios-sdk" */;
			productName = "FirebaseFirestoreCombine-Community";
		};
		45B82E1C278C308200A36ECF /* FirebaseFirestoreSwift-Beta */ = {
			isa = XCSwiftPackageProductDependency;
			package = 45B82E13278C308200A36ECF /* XCRemoteSwiftPackageReference "firebase-ios-sdk" */;
			productName = "FirebaseFirestoreSwift-Beta";
		};
		45B82E1E278C308200A36ECF /* FirebaseStorage */ = {
			isa = XCSwiftPackageProductDependency;
			package = 45B82E13278C308200A36ECF /* XCRemoteSwiftPackageReference "firebase-ios-sdk" */;
			productName = FirebaseStorage;
		};
		45B82E20278C308200A36ECF /* FirebaseStorageCombine-Community */ = {
			isa = XCSwiftPackageProductDependency;
			package = 45B82E13278C308200A36ECF /* XCRemoteSwiftPackageReference "firebase-ios-sdk" */;
			productName = "FirebaseStorageCombine-Community";
		};
		45B82E22278C308200A36ECF /* FirebaseStorageSwift-Beta */ = {
			isa = XCSwiftPackageProductDependency;
			package = 45B82E13278C308200A36ECF /* XCRemoteSwiftPackageReference "firebase-ios-sdk" */;
			productName = "FirebaseStorageSwift-Beta";
		};
/* End XCSwiftPackageProductDependency section */
	};
	rootObject = 453FA7272774B56900978998 /* Project object */;
}
